
Microsoft Visual Studio Solution File, Format Version 12.00
# Visual Studio Version 17
VisualStudioVersion = 17.4.32804.182
MinimumVisualStudioVersion = 10.0.40219.1
Project("{9A19103F-16F7-4668-BE54-9A1E7A4F7556}") = "AlphaStellar", "Deneme\AlphaStellar.csproj", "{506F7094-584E-4107-AB23-5BFF68356340}"
EndProject
Project("{9A19103F-16F7-4668-BE54-9A1E7A4F7556}") = "Entities", "Entities\Entities.csproj", "{E488C118-D280-4B43-895D-EA3C05C87834}"
EndProject
Project("{9A19103F-16F7-4668-BE54-9A1E7A4F7556}") = "DataAccess", "DataAccess\DataAccess.csproj", "{060689F2-8A2C-40F0-9A4A-F44B576A641B}"
EndProject
Project("{FAE04EC0-301F-11D3-BF4B-00C04F79EFBC}") = "Business", "Business\Business.csproj", "{FC97A624-DBF5-490A-ADF9-5FF2E7EF8DD4}"
EndProject
Global
	GlobalSection(SolutionConfigurationPlatforms) = preSolution
		Debug|Any CPU = Debug|Any CPU
		Release|Any CPU = Release|Any CPU
	EndGlobalSection
	GlobalSection(ProjectConfigurationPlatforms) = postSolution
		{506F7094-584E-4107-AB23-5BFF68356340}.Debug|Any CPU.ActiveCfg = Debug|Any CPU
		{506F7094-584E-4107-AB23-5BFF68356340}.Debug|Any CPU.Build.0 = Debug|Any CPU
		{506F7094-584E-4107-AB23-5BFF68356340}.Release|Any CPU.ActiveCfg = Release|Any CPU
		{506F7094-584E-4107-AB23-5BFF68356340}.Release|Any CPU.Build.0 = Release|Any CPU
		{E488C118-D280-4B43-895D-EA3C05C87834}.Debug|Any CPU.ActiveCfg = Debug|Any CPU
		{E488C118-D280-4B43-895D-EA3C05C87834}.Debug|Any CPU.Build.0 = Debug|Any CPU
		{E488C118-D280-4B43-895D-EA3C05C87834}.Release|Any CPU.ActiveCfg = Release|Any CPU
		{E488C118-D280-4B43-895D-EA3C05C87834}.Release|Any CPU.Build.0 = Release|Any CPU
		{060689F2-8A2C-40F0-9A4A-F44B576A641B}.Debug|Any CPU.ActiveCfg = Debug|Any CPU
		{060689F2-8A2C-40F0-9A4A-F44B576A641B}.Debug|Any CPU.Build.0 = Debug|Any CPU
		{060689F2-8A2C-40F0-9A4A-F44B576A641B}.Release|Any CPU.ActiveCfg = Release|Any CPU
		{060689F2-8A2C-40F0-9A4A-F44B576A641B}.Release|Any CPU.Build.0 = Release|Any CPU
		{FC97A624-DBF5-490A-ADF9-5FF2E7EF8DD4}.Debug|Any CPU.ActiveCfg = Debug|Any CPU
		{FC97A624-DBF5-490A-ADF9-5FF2E7EF8DD4}.Debug|Any CPU.Build.0 = Debug|Any CPU
		{FC97A624-DBF5-490A-ADF9-5FF2E7EF8DD4}.Release|Any CPU.ActiveCfg = Release|Any CPU
		{FC97A624-DBF5-490A-ADF9-5FF2E7EF8DD4}.Release|Any CPU.Build.0 = Release|Any CPU
	EndGlobalSection
	GlobalSection(SolutionProperties) = preSolution
		HideSolutionNode = FALSE
	EndGlobalSection
	GlobalSection(ExtensibilityGlobals) = postSolution
		SolutionGuid = {E7F586B8-169C-4DF5-9C77-B6855746C004}
	EndGlobalSection
EndGlobal
